
Microsoft Visual Studio Solution File, Format Version 12.00
# Visual Studio Version 17
VisualStudioVersion = 17.6.33927.249
MinimumVisualStudioVersion = 10.0.40219.1
Project("{9A19103F-16F7-4668-BE54-9A1E7A4F7556}") = "MessageTip", "MessageTip\MessageTip.csproj", "{DDBDAC74-3561-454D-B38D-BE5E44E18C2E}"
EndProject
Project("{9A19103F-16F7-4668-BE54-9A1E7A4F7556}") = "Tester", "Tester\Tester.csproj", "{421A2147-5F83-4D55-A8B7-A0771069A2AF}"
EndProject
Global
	GlobalSection(SolutionConfigurationPlatforms) = preSolution
		Debug|Any CPU = Debug|Any CPU
		Debug|x64 = Debug|x64
		Debug|x86 = Debug|x86
		Release|Any CPU = Release|Any CPU
		Release|x64 = Release|x64
		Release|x86 = Release|x86
	EndGlobalSection
	GlobalSection(ProjectConfigurationPlatforms) = postSolution
		{DDBDAC74-3561-454D-B38D-BE5E44E18C2E}.Debug|Any CPU.ActiveCfg = Debug|Any CPU
		{DDBDAC74-3561-454D-B38D-BE5E44E18C2E}.Debug|Any CPU.Build.0 = Debug|Any CPU
		{DDBDAC74-3561-454D-B38D-BE5E44E18C2E}.Debug|x64.ActiveCfg = Debug|x64
		{DDBDAC74-3561-454D-B38D-BE5E44E18C2E}.Debug|x64.Build.0 = Debug|x64
		{DDBDAC74-3561-454D-B38D-BE5E44E18C2E}.Debug|x86.ActiveCfg = Debug|x86
		{DDBDAC74-3561-454D-B38D-BE5E44E18C2E}.Debug|x86.Build.0 = Debug|x86
		{DDBDAC74-3561-454D-B38D-BE5E44E18C2E}.Release|Any CPU.ActiveCfg = Release|Any CPU
		{DDBDAC74-3561-454D-B38D-BE5E44E18C2E}.Release|Any CPU.Build.0 = Release|Any CPU
		{DDBDAC74-3561-454D-B38D-BE5E44E18C2E}.Release|x64.ActiveCfg = Release|x64
		{DDBDAC74-3561-454D-B38D-BE5E44E18C2E}.Release|x64.Build.0 = Release|x64
		{DDBDAC74-3561-454D-B38D-BE5E44E18C2E}.Release|x86.ActiveCfg = Release|Any CPU
		{421A2147-5F83-4D55-A8B7-A0771069A2AF}.Debug|Any CPU.ActiveCfg = Debug|Any CPU
		{421A2147-5F83-4D55-A8B7-A0771069A2AF}.Debug|Any CPU.Build.0 = Debug|Any CPU
		{421A2147-5F83-4D55-A8B7-A0771069A2AF}.Debug|x64.ActiveCfg = Debug|Any CPU
		{421A2147-5F83-4D55-A8B7-A0771069A2AF}.Debug|x64.Build.0 = Debug|Any CPU
		{421A2147-5F83-4D55-A8B7-A0771069A2AF}.Debug|x86.ActiveCfg = Debug|Any CPU
		{421A2147-5F83-4D55-A8B7-A0771069A2AF}.Debug|x86.Build.0 = Debug|Any CPU
		{421A2147-5F83-4D55-A8B7-A0771069A2AF}.Release|Any CPU.ActiveCfg = Release|Any CPU
		{421A2147-5F83-4D55-A8B7-A0771069A2AF}.Release|Any CPU.Build.0 = Release|Any CPU
		{421A2147-5F83-4D55-A8B7-A0771069A2AF}.Release|x64.ActiveCfg = Release|Any CPU
		{421A2147-5F83-4D55-A8B7-A0771069A2AF}.Release|x64.Build.0 = Release|Any CPU
		{421A2147-5F83-4D55-A8B7-A0771069A2AF}.Release|x86.ActiveCfg = Release|Any CPU
		{421A2147-5F83-4D55-A8B7-A0771069A2AF}.Release|x86.Build.0 = Release|Any CPU
	EndGlobalSection
	GlobalSection(SolutionProperties) = preSolution
		HideSolutionNode = FALSE
	EndGlobalSection
	GlobalSection(ExtensibilityGlobals) = postSolution
		SolutionGuid = {5895D95C-7280-47B7-A58B-7A4FA644FA7B}
	EndGlobalSection
EndGlobal
